
Microsoft Visual Studio Solution File, Format Version 12.00
# Visual Studio Version 16
VisualStudioVersion = 16.0.29519.87
MinimumVisualStudioVersion = 10.0.40219.1
Project("{FAE04EC0-301F-11D3-BF4B-00C04F79EFBC}") = "CodeFirst", "CodeFirst.csproj", "{E6CDE879-1392-4F65-A714-F0F9A613DC19}"
EndProject
Global
	GlobalSection(SolutionConfigurationPlatforms) = preSolution
		Debug|Any CPU = Debug|Any CPU
		Release|Any CPU = Release|Any CPU
	EndGlobalSection
	GlobalSection(ProjectConfigurationPlatforms) = postSolution
		{E6CDE879-1392-4F65-A714-F0F9A613DC19}.Debug|Any CPU.ActiveCfg = Debug|Any CPU
		{E6CDE879-1392-4F65-A714-F0F9A613DC19}.Debug|Any CPU.Build.0 = Debug|Any CPU
		{E6CDE879-1392-4F65-A714-F0F9A613DC19}.Release|Any CPU.ActiveCfg = Release|Any CPU
		{E6CDE879-1392-4F65-A714-F0F9A613DC19}.Release|Any CPU.Build.0 = Release|Any CPU
	EndGlobalSection
	GlobalSection(SolutionProperties) = preSolution
		HideSolutionNode = FALSE
	EndGlobalSection
	GlobalSection(ExtensibilityGlobals) = postSolution
		SolutionGuid = {D9F26025-0023-4912-8CFC-06FA2CBC3213}
	EndGlobalSection
EndGlobal
